// !$*UTF8*$!
{
	archiveVersion = 1;
	classes = {
	};
	objectVersion = 50;
	objects = {

/* Begin PBXBuildFile section */
		2759103C22331DF000E5F023 /* AppDelegate.swift in Sources */ = {isa = PBXBuildFile; fileRef = 2759103B22331DF000E5F023 /* AppDelegate.swift */; };
		2759104122331DF000E5F023 /* Main.storyboard in Resources */ = {isa = PBXBuildFile; fileRef = 2759103F22331DF000E5F023 /* Main.storyboard */; };
		2759104422331DF000E5F023 /* Colors.xcdatamodeld in Sources */ = {isa = PBXBuildFile; fileRef = 2759104222331DF000E5F023 /* Colors.xcdatamodeld */; };
		2759104622331DF100E5F023 /* Assets.xcassets in Resources */ = {isa = PBXBuildFile; fileRef = 2759104522331DF100E5F023 /* Assets.xcassets */; };
		2759104922331DF100E5F023 /* LaunchScreen.storyboard in Resources */ = {isa = PBXBuildFile; fileRef = 2759104722331DF100E5F023 /* LaunchScreen.storyboard */; };
		2759105422331DF100E5F023 /* ColorsTests.swift in Sources */ = {isa = PBXBuildFile; fileRef = 2759105322331DF100E5F023 /* ColorsTests.swift */; };
		2759105F22331DF100E5F023 /* ColorsUITests.swift in Sources */ = {isa = PBXBuildFile; fileRef = 2759105E22331DF100E5F023 /* ColorsUITests.swift */; };
		2759106F223321CB00E5F023 /* ColorsViewController.swift in Sources */ = {isa = PBXBuildFile; fileRef = 2759106E223321CB00E5F023 /* ColorsViewController.swift */; };
		275910712233223F00E5F023 /* Color.swift in Sources */ = {isa = PBXBuildFile; fileRef = 275910702233223F00E5F023 /* Color.swift */; };
		275910732233228C00E5F023 /* ColorDetailViewController.swift in Sources */ = {isa = PBXBuildFile; fileRef = 275910722233228C00E5F023 /* ColorDetailViewController.swift */; };
/* End PBXBuildFile section */

/* Begin PBXContainerItemProxy section */
		2759105022331DF100E5F023 /* PBXContainerItemProxy */ = {
			isa = PBXContainerItemProxy;
			containerPortal = 2759103022331DF000E5F023 /* Project object */;
			proxyType = 1;
			remoteGlobalIDString = 2759103722331DF000E5F023;
			remoteInfo = Colors;
		};
		2759105B22331DF100E5F023 /* PBXContainerItemProxy */ = {
			isa = PBXContainerItemProxy;
			containerPortal = 2759103022331DF000E5F023 /* Project object */;
			proxyType = 1;
			remoteGlobalIDString = 2759103722331DF000E5F023;
			remoteInfo = Colors;
		};
/* End PBXContainerItemProxy section */

/* Begin PBXFileReference section */
		2759103822331DF000E5F023 /* Colors.app */ = {isa = PBXFileReference; explicitFileType = wrapper.application; includeInIndex = 0; path = Colors.app; sourceTree = BUILT_PRODUCTS_DIR; };
		2759103B22331DF000E5F023 /* AppDelegate.swift */ = {isa = PBXFileReference; lastKnownFileType = sourcecode.swift; path = AppDelegate.swift; sourceTree = "<group>"; };
		2759104022331DF000E5F023 /* Base */ = {isa = PBXFileReference; lastKnownFileType = file.storyboard; name = Base; path = Base.lproj/Main.storyboard; sourceTree = "<group>"; };
		2759104322331DF000E5F023 /* Colors.xcdatamodel */ = {isa = PBXFileReference; lastKnownFileType = wrapper.xcdatamodel; path = Colors.xcdatamodel; sourceTree = "<group>"; };
		2759104522331DF100E5F023 /* Assets.xcassets */ = {isa = PBXFileReference; lastKnownFileType = folder.assetcatalog; path = Assets.xcassets; sourceTree = "<group>"; };
		2759104822331DF100E5F023 /* Base */ = {isa = PBXFileReference; lastKnownFileType = file.storyboard; name = Base; path = Base.lproj/LaunchScreen.storyboard; sourceTree = "<group>"; };
		2759104A22331DF100E5F023 /* Info.plist */ = {isa = PBXFileReference; lastKnownFileType = text.plist.xml; path = Info.plist; sourceTree = "<group>"; };
		2759104F22331DF100E5F023 /* ColorsTests.xctest */ = {isa = PBXFileReference; explicitFileType = wrapper.cfbundle; includeInIndex = 0; path = ColorsTests.xctest; sourceTree = BUILT_PRODUCTS_DIR; };
		2759105322331DF100E5F023 /* ColorsTests.swift */ = {isa = PBXFileReference; lastKnownFileType = sourcecode.swift; path = ColorsTests.swift; sourceTree = "<group>"; };
		2759105522331DF100E5F023 /* Info.plist */ = {isa = PBXFileReference; lastKnownFileType = text.plist.xml; path = Info.plist; sourceTree = "<group>"; };
		2759105A22331DF100E5F023 /* ColorsUITests.xctest */ = {isa = PBXFileReference; explicitFileType = wrapper.cfbundle; includeInIndex = 0; path = ColorsUITests.xctest; sourceTree = BUILT_PRODUCTS_DIR; };
		2759105E22331DF100E5F023 /* ColorsUITests.swift */ = {isa = PBXFileReference; lastKnownFileType = sourcecode.swift; path = ColorsUITests.swift; sourceTree = "<group>"; };
		2759106022331DF100E5F023 /* Info.plist */ = {isa = PBXFileReference; lastKnownFileType = text.plist.xml; path = Info.plist; sourceTree = "<group>"; };
		2759106E223321CB00E5F023 /* ColorsViewController.swift */ = {isa = PBXFileReference; lastKnownFileType = sourcecode.swift; path = ColorsViewController.swift; sourceTree = "<group>"; };
		275910702233223F00E5F023 /* Color.swift */ = {isa = PBXFileReference; lastKnownFileType = sourcecode.swift; path = Color.swift; sourceTree = "<group>"; };
		275910722233228C00E5F023 /* ColorDetailViewController.swift */ = {isa = PBXFileReference; lastKnownFileType = sourcecode.swift; path = ColorDetailViewController.swift; sourceTree = "<group>"; };
/* End PBXFileReference section */

/* Begin PBXFrameworksBuildPhase section */
		2759103522331DF000E5F023 /* Frameworks */ = {
			isa = PBXFrameworksBuildPhase;
			buildActionMask = 2147483647;
			files = (
			);
			runOnlyForDeploymentPostprocessing = 0;
		};
		2759104C22331DF100E5F023 /* Frameworks */ = {
			isa = PBXFrameworksBuildPhase;
			buildActionMask = 2147483647;
			files = (
			);
			runOnlyForDeploymentPostprocessing = 0;
		};
		2759105722331DF100E5F023 /* Frameworks */ = {
			isa = PBXFrameworksBuildPhase;
			buildActionMask = 2147483647;
			files = (
			);
			runOnlyForDeploymentPostprocessing = 0;
		};
/* End PBXFrameworksBuildPhase section */

/* Begin PBXGroup section */
		2759102F22331DF000E5F023 = {
			isa = PBXGroup;
			children = (
				2759103A22331DF000E5F023 /* Colors */,
				2759105222331DF100E5F023 /* ColorsTests */,
				2759105D22331DF100E5F023 /* ColorsUITests */,
				2759103922331DF000E5F023 /* Products */,
			);
			sourceTree = "<group>";
		};
		2759103922331DF000E5F023 /* Products */ = {
			isa = PBXGroup;
			children = (
				2759103822331DF000E5F023 /* Colors.app */,
				2759104F22331DF100E5F023 /* ColorsTests.xctest */,
				2759105A22331DF100E5F023 /* ColorsUITests.xctest */,
			);
			name = Products;
			sourceTree = "<group>";
		};
		2759103A22331DF000E5F023 /* Colors */ = {
			isa = PBXGroup;
			children = (
				2759103B22331DF000E5F023 /* AppDelegate.swift */,
				2759103F22331DF000E5F023 /* Main.storyboard */,
				2759104522331DF100E5F023 /* Assets.xcassets */,
				2759104722331DF100E5F023 /* LaunchScreen.storyboard */,
				2759104A22331DF100E5F023 /* Info.plist */,
				2759104222331DF000E5F023 /* Colors.xcdatamodeld */,
				2759106E223321CB00E5F023 /* ColorsViewController.swift */,
				275910702233223F00E5F023 /* Color.swift */,
				275910722233228C00E5F023 /* ColorDetailViewController.swift */,
			);
			path = Colors;
			sourceTree = "<group>";
		};
		2759105222331DF100E5F023 /* ColorsTests */ = {
			isa = PBXGroup;
			children = (
				2759105322331DF100E5F023 /* ColorsTests.swift */,
				2759105522331DF100E5F023 /* Info.plist */,
			);
			path = ColorsTests;
			sourceTree = "<group>";
		};
		2759105D22331DF100E5F023 /* ColorsUITests */ = {
			isa = PBXGroup;
			children = (
				2759105E22331DF100E5F023 /* ColorsUITests.swift */,
				2759106022331DF100E5F023 /* Info.plist */,
			);
			path = ColorsUITests;
			sourceTree = "<group>";
		};
/* End PBXGroup section */

/* Begin PBXNativeTarget section */
		2759103722331DF000E5F023 /* Colors */ = {
			isa = PBXNativeTarget;
			buildConfigurationList = 2759106322331DF100E5F023 /* Build configuration list for PBXNativeTarget "Colors" */;
			buildPhases = (
				2759103422331DF000E5F023 /* Sources */,
				2759103522331DF000E5F023 /* Frameworks */,
				2759103622331DF000E5F023 /* Resources */,
			);
			buildRules = (
			);
			dependencies = (
			);
			name = Colors;
			productName = Colors;
			productReference = 2759103822331DF000E5F023 /* Colors.app */;
			productType = "com.apple.product-type.application";
		};
		2759104E22331DF100E5F023 /* ColorsTests */ = {
			isa = PBXNativeTarget;
			buildConfigurationList = 2759106622331DF100E5F023 /* Build configuration list for PBXNativeTarget "ColorsTests" */;
			buildPhases = (
				2759104B22331DF100E5F023 /* Sources */,
				2759104C22331DF100E5F023 /* Frameworks */,
				2759104D22331DF100E5F023 /* Resources */,
			);
			buildRules = (
			);
			dependencies = (
				2759105122331DF100E5F023 /* PBXTargetDependency */,
			);
			name = ColorsTests;
			productName = ColorsTests;
			productReference = 2759104F22331DF100E5F023 /* ColorsTests.xctest */;
			productType = "com.apple.product-type.bundle.unit-test";
		};
		2759105922331DF100E5F023 /* ColorsUITests */ = {
			isa = PBXNativeTarget;
			buildConfigurationList = 2759106922331DF100E5F023 /* Build configuration list for PBXNativeTarget "ColorsUITests" */;
			buildPhases = (
				2759105622331DF100E5F023 /* Sources */,
				2759105722331DF100E5F023 /* Frameworks */,
				2759105822331DF100E5F023 /* Resources */,
			);
			buildRules = (
			);
			dependencies = (
				2759105C22331DF100E5F023 /* PBXTargetDependency */,
			);
			name = ColorsUITests;
			productName = ColorsUITests;
			productReference = 2759105A22331DF100E5F023 /* ColorsUITests.xctest */;
			productType = "com.apple.product-type.bundle.ui-testing";
		};
/* End PBXNativeTarget section */

/* Begin PBXProject section */
		2759103022331DF000E5F023 /* Project object */ = {
			isa = PBXProject;
			attributes = {
				LastSwiftUpdateCheck = 1010;
				LastUpgradeCheck = 1010;
				ORGANIZATIONNAME = "Zach Swartz";
				TargetAttributes = {
					2759103722331DF000E5F023 = {
						CreatedOnToolsVersion = 10.1;
					};
					2759104E22331DF100E5F023 = {
						CreatedOnToolsVersion = 10.1;
						TestTargetID = 2759103722331DF000E5F023;
					};
					2759105922331DF100E5F023 = {
						CreatedOnToolsVersion = 10.1;
						TestTargetID = 2759103722331DF000E5F023;
					};
				};
			};
			buildConfigurationList = 2759103322331DF000E5F023 /* Build configuration list for PBXProject "Colors" */;
			compatibilityVersion = "Xcode 9.3";
			developmentRegion = en;
			hasScannedForEncodings = 0;
			knownRegions = (
				en,
				Base,
			);
			mainGroup = 2759102F22331DF000E5F023;
			productRefGroup = 2759103922331DF000E5F023 /* Products */;
			projectDirPath = "";
			projectRoot = "";
			targets = (
				2759103722331DF000E5F023 /* Colors */,
				2759104E22331DF100E5F023 /* ColorsTests */,
				2759105922331DF100E5F023 /* ColorsUITests */,
			);
		};
/* End PBXProject section */

/* Begin PBXResourcesBuildPhase section */
		2759103622331DF000E5F023 /* Resources */ = {
			isa = PBXResourcesBuildPhase;
			buildActionMask = 2147483647;
			files = (
				2759104922331DF100E5F023 /* LaunchScreen.storyboard in Resources */,
				2759104622331DF100E5F023 /* Assets.xcassets in Resources */,
				2759104122331DF000E5F023 /* Main.storyboard in Resources */,
			);
			runOnlyForDeploymentPostprocessing = 0;
		};
		2759104D22331DF100E5F023 /* Resources */ = {
			isa = PBXResourcesBuildPhase;
			buildActionMask = 2147483647;
			files = (
			);
			runOnlyForDeploymentPostprocessing = 0;
		};
		2759105822331DF100E5F023 /* Resources */ = {
			isa = PBXResourcesBuildPhase;
			buildActionMask = 2147483647;
			files = (
			);
			runOnlyForDeploymentPostprocessing = 0;
		};
/* End PBXResourcesBuildPhase section */

/* Begin PBXSourcesBuildPhase section */
		2759103422331DF000E5F023 /* Sources */ = {
			isa = PBXSourcesBuildPhase;
			buildActionMask = 2147483647;
			files = (
				2759104422331DF000E5F023 /* Colors.xcdatamodeld in Sources */,
				275910712233223F00E5F023 /* Color.swift in Sources */,
				2759106F223321CB00E5F023 /* ColorsViewController.swift in Sources */,
				275910732233228C00E5F023 /* ColorDetailViewController.swift in Sources */,
				2759103C22331DF000E5F023 /* AppDelegate.swift in Sources */,
			);
			runOnlyForDeploymentPostprocessing = 0;
		};
		2759104B22331DF100E5F023 /* Sources */ = {
			isa = PBXSourcesBuildPhase;
			buildActionMask = 2147483647;
			files = (
				2759105422331DF100E5F023 /* ColorsTests.swift in Sources */,
			);
			runOnlyForDeploymentPostprocessing = 0;
		};
		2759105622331DF100E5F023 /* Sources */ = {
			isa = PBXSourcesBuildPhase;
			buildActionMask = 2147483647;
			files = (
				2759105F22331DF100E5F023 /* ColorsUITests.swift in Sources */,
			);
			runOnlyForDeploymentPostprocessing = 0;
		};
/* End PBXSourcesBuildPhase section */

/* Begin PBXTargetDependency section */
		2759105122331DF100E5F023 /* PBXTargetDependency */ = {
			isa = PBXTargetDependency;
			target = 2759103722331DF000E5F023 /* Colors */;
			targetProxy = 2759105022331DF100E5F023 /* PBXContainerItemProxy */;
		};
		2759105C22331DF100E5F023 /* PBXTargetDependency */ = {
			isa = PBXTargetDependency;
			target = 2759103722331DF000E5F023 /* Colors */;
			targetProxy = 2759105B22331DF100E5F023 /* PBXContainerItemProxy */;
		};
/* End PBXTargetDependency section */

/* Begin PBXVariantGroup section */
		2759103F22331DF000E5F023 /* Main.storyboard */ = {
			isa = PBXVariantGroup;
			children = (
				2759104022331DF000E5F023 /* Base */,
			);
			name = Main.storyboard;
			sourceTree = "<group>";
		};
		2759104722331DF100E5F023 /* LaunchScreen.storyboard */ = {
			isa = PBXVariantGroup;
			children = (
				2759104822331DF100E5F023 /* Base */,
			);
			name = LaunchScreen.storyboard;
			sourceTree = "<group>";
		};
/* End PBXVariantGroup section */

/* Begin XCBuildConfiguration section */
		2759106122331DF100E5F023 /* Debug */ = {
			isa = XCBuildConfiguration;
			buildSettings = {
				ALWAYS_SEARCH_USER_PATHS = NO;
				CLANG_ANALYZER_NONNULL = YES;
				CLANG_ANALYZER_NUMBER_OBJECT_CONVERSION = YES_AGGRESSIVE;
				CLANG_CXX_LANGUAGE_STANDARD = "gnu++14";
				CLANG_CXX_LIBRARY = "libc++";
				CLANG_ENABLE_MODULES = YES;
				CLANG_ENABLE_OBJC_ARC = YES;
				CLANG_ENABLE_OBJC_WEAK = YES;
				CLANG_WARN_BLOCK_CAPTURE_AUTORELEASING = YES;
				CLANG_WARN_BOOL_CONVERSION = YES;
				CLANG_WARN_COMMA = YES;
				CLANG_WARN_CONSTANT_CONVERSION = YES;
				CLANG_WARN_DEPRECATED_OBJC_IMPLEMENTATIONS = YES;
				CLANG_WARN_DIRECT_OBJC_ISA_USAGE = YES_ERROR;
				CLANG_WARN_DOCUMENTATION_COMMENTS = YES;
				CLANG_WARN_EMPTY_BODY = YES;
				CLANG_WARN_ENUM_CONVERSION = YES;
				CLANG_WARN_INFINITE_RECURSION = YES;
				CLANG_WARN_INT_CONVERSION = YES;
				CLANG_WARN_NON_LITERAL_NULL_CONVERSION = YES;
				CLANG_WARN_OBJC_IMPLICIT_RETAIN_SELF = YES;
				CLANG_WARN_OBJC_LITERAL_CONVERSION = YES;
				CLANG_WARN_OBJC_ROOT_CLASS = YES_ERROR;
				CLANG_WARN_RANGE_LOOP_ANALYSIS = YES;
				CLANG_WARN_STRICT_PROTOTYPES = YES;
				CLANG_WARN_SUSPICIOUS_MOVE = YES;
				CLANG_WARN_UNGUARDED_AVAILABILITY = YES_AGGRESSIVE;
				CLANG_WARN_UNREACHABLE_CODE = YES;
				CLANG_WARN__DUPLICATE_METHOD_MATCH = YES;
				CODE_SIGN_IDENTITY = "iPhone Developer";
				COPY_PHASE_STRIP = NO;
				DEBUG_INFORMATION_FORMAT = dwarf;
				ENABLE_STRICT_OBJC_MSGSEND = YES;
				ENABLE_TESTABILITY = YES;
				GCC_C_LANGUAGE_STANDARD = gnu11;
				GCC_DYNAMIC_NO_PIC = NO;
				GCC_NO_COMMON_BLOCKS = YES;
				GCC_OPTIMIZATION_LEVEL = 0;
				GCC_PREPROCESSOR_DEFINITIONS = (
					"DEBUG=1",
					"$(inherited)",
				);
				GCC_WARN_64_TO_32_BIT_CONVERSION = YES;
				GCC_WARN_ABOUT_RETURN_TYPE = YES_ERROR;
				GCC_WARN_UNDECLARED_SELECTOR = YES;
				GCC_WARN_UNINITIALIZED_AUTOS = YES_AGGRESSIVE;
				GCC_WARN_UNUSED_FUNCTION = YES;
				GCC_WARN_UNUSED_VARIABLE = YES;
				IPHONEOS_DEPLOYMENT_TARGET = 12.1;
				MTL_ENABLE_DEBUG_INFO = INCLUDE_SOURCE;
				MTL_FAST_MATH = YES;
				ONLY_ACTIVE_ARCH = YES;
				SDKROOT = iphoneos;
				SWIFT_ACTIVE_COMPILATION_CONDITIONS = DEBUG;
				SWIFT_OPTIMIZATION_LEVEL = "-Onone";
			};
			name = Debug;
		};
		2759106222331DF100E5F023 /* Release */ = {
			isa = XCBuildConfiguration;
			buildSettings = {
				ALWAYS_SEARCH_USER_PATHS = NO;
				CLANG_ANALYZER_NONNULL = YES;
				CLANG_ANALYZER_NUMBER_OBJECT_CONVERSION = YES_AGGRESSIVE;
				CLANG_CXX_LANGUAGE_STANDARD = "gnu++14";
				CLANG_CXX_LIBRARY = "libc++";
				CLANG_ENABLE_MODULES = YES;
				CLANG_ENABLE_OBJC_ARC = YES;
				CLANG_ENABLE_OBJC_WEAK = YES;
				CLANG_WARN_BLOCK_CAPTURE_AUTORELEASING = YES;
				CLANG_WARN_BOOL_CONVERSION = YES;
				CLANG_WARN_COMMA = YES;
				CLANG_WARN_CONSTANT_CONVERSION = YES;
				CLANG_WARN_DEPRECATED_OBJC_IMPLEMENTATIONS = YES;
				CLANG_WARN_DIRECT_OBJC_ISA_USAGE = YES_ERROR;
				CLANG_WARN_DOCUMENTATION_COMMENTS = YES;
				CLANG_WARN_EMPTY_BODY = YES;
				CLANG_WARN_ENUM_CONVERSION = YES;
				CLANG_WARN_INFINITE_RECURSION = YES;
				CLANG_WARN_INT_CONVERSION = YES;
				CLANG_WARN_NON_LITERAL_NULL_CONVERSION = YES;
				CLANG_WARN_OBJC_IMPLICIT_RETAIN_SELF = YES;
				CLANG_WARN_OBJC_LITERAL_CONVERSION = YES;
				CLANG_WARN_OBJC_ROOT_CLASS = YES_ERROR;
				CLANG_WARN_RANGE_LOOP_ANALYSIS = YES;
				CLANG_WARN_STRICT_PROTOTYPES = YES;
				CLANG_WARN_SUSPICIOUS_MOVE = YES;
				CLANG_WARN_UNGUARDED_AVAILABILITY = YES_AGGRESSIVE;
				CLANG_WARN_UNREACHABLE_CODE = YES;
				CLANG_WARN__DUPLICATE_METHOD_MATCH = YES;
				CODE_SIGN_IDENTITY = "iPhone Developer";
				COPY_PHASE_STRIP = NO;
				DEBUG_INFORMATION_FORMAT = "dwarf-with-dsym";
				ENABLE_NS_ASSERTIONS = NO;
				ENABLE_STRICT_OBJC_MSGSEND = YES;
				GCC_C_LANGUAGE_STANDARD = gnu11;
				GCC_NO_COMMON_BLOCKS = YES;
				GCC_WARN_64_TO_32_BIT_CONVERSION = YES;
				GCC_WARN_ABOUT_RETURN_TYPE = YES_ERROR;
				GCC_WARN_UNDECLARED_SELECTOR = YES;
				GCC_WARN_UNINITIALIZED_AUTOS = YES_AGGRESSIVE;
				GCC_WARN_UNUSED_FUNCTION = YES;
				GCC_WARN_UNUSED_VARIABLE = YES;
				IPHONEOS_DEPLOYMENT_TARGET = 12.1;
				MTL_ENABLE_DEBUG_INFO = NO;
				MTL_FAST_MATH = YES;
				SDKROOT = iphoneos;
				SWIFT_COMPILATION_MODE = wholemodule;
				SWIFT_OPTIMIZATION_LEVEL = "-O";
				VALIDATE_PRODUCT = YES;
			};
			name = Release;
		};
		2759106422331DF100E5F023 /* Debug */ = {
			isa = XCBuildConfiguration;
			buildSettings = {
				ASSETCATALOG_COMPILER_APPICON_NAME = AppIcon;
				CODE_SIGN_STYLE = Automatic;
				DEVELOPMENT_TEAM = 28C4HPVNWU;
				INFOPLIST_FILE = Colors/Info.plist;
				LD_RUNPATH_SEARCH_PATHS = (
					"$(inherited)",
					"@executable_path/Frameworks",
				);
				PRODUCT_BUNDLE_IDENTIFIER = "Zach-Swartz.Colors";
				PRODUCT_NAME = "$(TARGET_NAME)";
				SWIFT_VERSION = 4.2;
				TARGETED_DEVICE_FAMILY = "1,2";
			};
			name = Debug;
		};
		2759106522331DF100E5F023 /* Release */ = {
			isa = XCBuildConfiguration;
			buildSettings = {
				ASSETCATALOG_COMPILER_APPICON_NAME = AppIcon;
				CODE_SIGN_STYLE = Automatic;
				DEVELOPMENT_TEAM = 28C4HPVNWU;
				INFOPLIST_FILE = Colors/Info.plist;
				LD_RUNPATH_SEARCH_PATHS = (
					"$(inherited)",
					"@executable_path/Frameworks",
				);
				PRODUCT_BUNDLE_IDENTIFIER = "Zach-Swartz.Colors";
				PRODUCT_NAME = "$(TARGET_NAME)";
				SWIFT_VERSION = 4.2;
				TARGETED_DEVICE_FAMILY = "1,2";
			};
			name = Release;
		};
		2759106722331DF100E5F023 /* Debug */ = {
			isa = XCBuildConfiguration;
			buildSettings = {
				ALWAYS_EMBED_SWIFT_STANDARD_LIBRARIES = YES;
				BUNDLE_LOADER = "$(TEST_HOST)";
				CODE_SIGN_STYLE = Automatic;
				DEVELOPMENT_TEAM = 28C4HPVNWU;
				INFOPLIST_FILE = ColorsTests/Info.plist;
				LD_RUNPATH_SEARCH_PATHS = (
					"$(inherited)",
					"@executable_path/Frameworks",
					"@loader_path/Frameworks",
				);
				PRODUCT_BUNDLE_IDENTIFIER = "Zach-Swartz.ColorsTests";
				PRODUCT_NAME = "$(TARGET_NAME)";
				SWIFT_VERSION = 4.2;
				TARGETED_DEVICE_FAMILY = "1,2";
				TEST_HOST = "$(BUILT_PRODUCTS_DIR)/Colors.app/Colors";
			};
			name = Debug;
		};
		2759106822331DF100E5F023 /* Release */ = {
			isa = XCBuildConfiguration;
			buildSettings = {
				ALWAYS_EMBED_SWIFT_STANDARD_LIBRARIES = YES;
				BUNDLE_LOADER = "$(TEST_HOST)";
				CODE_SIGN_STYLE = Automatic;
				DEVELOPMENT_TEAM = 28C4HPVNWU;
				INFOPLIST_FILE = ColorsTests/Info.plist;
				LD_RUNPATH_SEARCH_PATHS = (
					"$(inherited)",
					"@executable_path/Frameworks",
					"@loader_path/Frameworks",
				);
				PRODUCT_BUNDLE_IDENTIFIER = "Zach-Swartz.ColorsTests";
				PRODUCT_NAME = "$(TARGET_NAME)";
				SWIFT_VERSION = 4.2;
				TARGETED_DEVICE_FAMILY = "1,2";
				TEST_HOST = "$(BUILT_PRODUCTS_DIR)/Colors.app/Colors";
			};
			name = Release;
		};
		2759106A22331DF100E5F023 /* Debug */ = {
			isa = XCBuildConfiguration;
			buildSettings = {
				ALWAYS_EMBED_SWIFT_STANDARD_LIBRARIES = YES;
				CODE_SIGN_STYLE = Automatic;
				DEVELOPMENT_TEAM = 28C4HPVNWU;
				INFOPLIST_FILE = ColorsUITests/Info.plist;
				LD_RUNPATH_SEARCH_PATHS = (
					"$(inherited)",
					"@executable_path/Frameworks",
					"@loader_path/Frameworks",
				);
				PRODUCT_BUNDLE_IDENTIFIER = "Zach-Swartz.ColorsUITests";
				PRODUCT_NAME = "$(TARGET_NAME)";
				SWIFT_VERSION = 4.2;
				TARGETED_DEVICE_FAMILY = "1,2";
				TEST_TARGET_NAME = Colors;
			};
			name = Debug;
		};
		2759106B22331DF100E5F023 /* Release */ = {
			isa = XCBuildConfiguration;
			buildSettings = {
				ALWAYS_EMBED_SWIFT_STANDARD_LIBRARIES = YES;
				CODE_SIGN_STYLE = Automatic;
				DEVELOPMENT_TEAM = 28C4HPVNWU;
				INFOPLIST_FILE = ColorsUITests/Info.plist;
				LD_RUNPATH_SEARCH_PATHS = (
					"$(inherited)",
					"@executable_path/Frameworks",
					"@loader_path/Frameworks",
				);
				PRODUCT_BUNDLE_IDENTIFIER = "Zach-Swartz.ColorsUITests";
				PRODUCT_NAME = "$(TARGET_NAME)";
				SWIFT_VERSION = 4.2;
				TARGETED_DEVICE_FAMILY = "1,2";
				TEST_TARGET_NAME = Colors;
			};
			name = Release;
		};
/* End XCBuildConfiguration section */

/* Begin XCConfigurationList section */
		2759103322331DF000E5F023 /* Build configuration list for PBXProject "Colors" */ = {
			isa = XCConfigurationList;
			buildConfigurations = (
				2759106122331DF100E5F023 /* Debug */,
				2759106222331DF100E5F023 /* Release */,
			);
			defaultConfigurationIsVisible = 0;
			defaultConfigurationName = Release;
		};
		2759106322331DF100E5F023 /* Build configuration list for PBXNativeTarget "Colors" */ = {
			isa = XCConfigurationList;
			buildConfigurations = (
				2759106422331DF100E5F023 /* Debug */,
				2759106522331DF100E5F023 /* Release */,
			);
			defaultConfigurationIsVisible = 0;
			defaultConfigurationName = Release;
		};
		2759106622331DF100E5F023 /* Build configuration list for PBXNativeTarget "ColorsTests" */ = {
			isa = XCConfigurationList;
			buildConfigurations = (
				2759106722331DF100E5F023 /* Debug */,
				2759106822331DF100E5F023 /* Release */,
			);
			defaultConfigurationIsVisible = 0;
			defaultConfigurationName = Release;
		};
		2759106922331DF100E5F023 /* Build configuration list for PBXNativeTarget "ColorsUITests" */ = {
			isa = XCConfigurationList;
			buildConfigurations = (
				2759106A22331DF100E5F023 /* Debug */,
				2759106B22331DF100E5F023 /* Release */,
			);
			defaultConfigurationIsVisible = 0;
			defaultConfigurationName = Release;
		};
/* End XCConfigurationList section */

/* Begin XCVersionGroup section */
		2759104222331DF000E5F023 /* Colors.xcdatamodeld */ = {
			isa = XCVersionGroup;
			children = (
				2759104322331DF000E5F023 /* Colors.xcdatamodel */,
			);
			currentVersion = 2759104322331DF000E5F023 /* Colors.xcdatamodel */;
			path = Colors.xcdatamodeld;
			sourceTree = "<group>";
			versionGroupType = wrapper.xcdatamodel;
		};
/* End XCVersionGroup section */
	};
	rootObject = 2759103022331DF000E5F023 /* Project object */;
}
